
Microsoft Visual Studio Solution File, Format Version 12.00
# Visual Studio Version 17
VisualStudioVersion = 17.14.36518.9 d17.14
MinimumVisualStudioVersion = 10.0.40219.1
Project("{FAE04EC0-301F-11D3-BF4B-00C04F79EFBC}") = "GestionPuntosGApi", "GestionPuntosGApi\GestionPuntosGApi.csproj", "{5D785E97-7B98-400B-9A70-2CC1904EC838}"
EndProject
Project("{FAE04EC0-301F-11D3-BF4B-00C04F79EFBC}") = "DAL", "DAL\DAL.csproj", "{1A87BED0-D9EE-4BFB-8D3F-490640E7A2BB}"
EndProject
Project("{FAE04EC0-301F-11D3-BF4B-00C04F79EFBC}") = "BLL", "BLL\BLL.csproj", "{C736983D-F82D-4703-AC29-84CDFAB1BD0C}"
EndProject
Project("{FAE04EC0-301F-11D3-BF4B-00C04F79EFBC}") = "Model", "Model\Model.csproj", "{28892D1C-47F8-4B44-857F-70B3ED259720}"
EndProject
Global
	GlobalSection(SolutionConfigurationPlatforms) = preSolution
		Debug|Any CPU = Debug|Any CPU
		Release|Any CPU = Release|Any CPU
	EndGlobalSection
	GlobalSection(ProjectConfigurationPlatforms) = postSolution
		{5D785E97-7B98-400B-9A70-2CC1904EC838}.Debug|Any CPU.ActiveCfg = Debug|Any CPU
		{5D785E97-7B98-400B-9A70-2CC1904EC838}.Debug|Any CPU.Build.0 = Debug|Any CPU
		{5D785E97-7B98-400B-9A70-2CC1904EC838}.Release|Any CPU.ActiveCfg = Release|Any CPU
		{5D785E97-7B98-400B-9A70-2CC1904EC838}.Release|Any CPU.Build.0 = Release|Any CPU
		{1A87BED0-D9EE-4BFB-8D3F-490640E7A2BB}.Debug|Any CPU.ActiveCfg = Debug|Any CPU
		{1A87BED0-D9EE-4BFB-8D3F-490640E7A2BB}.Debug|Any CPU.Build.0 = Debug|Any CPU
		{1A87BED0-D9EE-4BFB-8D3F-490640E7A2BB}.Release|Any CPU.ActiveCfg = Release|Any CPU
		{1A87BED0-D9EE-4BFB-8D3F-490640E7A2BB}.Release|Any CPU.Build.0 = Release|Any CPU
		{C736983D-F82D-4703-AC29-84CDFAB1BD0C}.Debug|Any CPU.ActiveCfg = Debug|Any CPU
		{C736983D-F82D-4703-AC29-84CDFAB1BD0C}.Debug|Any CPU.Build.0 = Debug|Any CPU
		{C736983D-F82D-4703-AC29-84CDFAB1BD0C}.Release|Any CPU.ActiveCfg = Release|Any CPU
		{C736983D-F82D-4703-AC29-84CDFAB1BD0C}.Release|Any CPU.Build.0 = Release|Any CPU
		{28892D1C-47F8-4B44-857F-70B3ED259720}.Debug|Any CPU.ActiveCfg = Debug|Any CPU
		{28892D1C-47F8-4B44-857F-70B3ED259720}.Debug|Any CPU.Build.0 = Debug|Any CPU
		{28892D1C-47F8-4B44-857F-70B3ED259720}.Release|Any CPU.ActiveCfg = Release|Any CPU
		{28892D1C-47F8-4B44-857F-70B3ED259720}.Release|Any CPU.Build.0 = Release|Any CPU
	EndGlobalSection
	GlobalSection(SolutionProperties) = preSolution
		HideSolutionNode = FALSE
	EndGlobalSection
	GlobalSection(ExtensibilityGlobals) = postSolution
		SolutionGuid = {C49FD3EB-333A-4D9F-B568-853E8976ABCE}
	EndGlobalSection
EndGlobal
